
Microsoft Visual Studio Solution File, Format Version 12.00
# Visual Studio Version 16
VisualStudioVersion = 16.0.28803.352
MinimumVisualStudioVersion = 10.0.40219.1
Project("{FAE04EC0-301F-11D3-BF4B-00C04F79EFBC}") = "ImalatMontaj.Core", "ImalatMontaj.Core\ImalatMontaj.Core.csproj", "{C1D621BF-B220-47DF-B627-150034379475}"
EndProject
Project("{FAE04EC0-301F-11D3-BF4B-00C04F79EFBC}") = "ImalatMontaj.Talep.Entities", "ImalatMontaj.Talep.Entities\ImalatMontaj.Talep.Entities.csproj", "{2E49FA05-7B11-4876-894B-2538918173DF}"
EndProject
Project("{FAE04EC0-301F-11D3-BF4B-00C04F79EFBC}") = "ImalatMontaj.Talep.DataAccess", "ImalatMontaj.Talep.DataAccess\ImalatMontaj.Talep.DataAccess.csproj", "{71007FFB-ACCB-444A-BCF0-F439C98A6258}"
EndProject
Project("{FAE04EC0-301F-11D3-BF4B-00C04F79EFBC}") = "ImalatMontaj.Talep.Business", "ImalatMontaj.Talep.Business\ImalatMontaj.Talep.Business.csproj", "{35F7162D-0EF1-49B1-A539-BC308C228A2E}"
EndProject
Project("{FAE04EC0-301F-11D3-BF4B-00C04F79EFBC}") = "ImalatMontaj.Talep.Mvc", "ImalatMontaj.Talep.Mvc\ImalatMontaj.Talep.Mvc.csproj", "{EF77A663-D27E-47E0-B361-A595D4B0B98F}"
EndProject
Global
	GlobalSection(SolutionConfigurationPlatforms) = preSolution
		Debug|Any CPU = Debug|Any CPU
		Release|Any CPU = Release|Any CPU
	EndGlobalSection
	GlobalSection(ProjectConfigurationPlatforms) = postSolution
		{C1D621BF-B220-47DF-B627-150034379475}.Debug|Any CPU.ActiveCfg = Debug|Any CPU
		{C1D621BF-B220-47DF-B627-150034379475}.Debug|Any CPU.Build.0 = Debug|Any CPU
		{C1D621BF-B220-47DF-B627-150034379475}.Release|Any CPU.ActiveCfg = Release|Any CPU
		{C1D621BF-B220-47DF-B627-150034379475}.Release|Any CPU.Build.0 = Release|Any CPU
		{2E49FA05-7B11-4876-894B-2538918173DF}.Debug|Any CPU.ActiveCfg = Debug|Any CPU
		{2E49FA05-7B11-4876-894B-2538918173DF}.Debug|Any CPU.Build.0 = Debug|Any CPU
		{2E49FA05-7B11-4876-894B-2538918173DF}.Release|Any CPU.ActiveCfg = Release|Any CPU
		{2E49FA05-7B11-4876-894B-2538918173DF}.Release|Any CPU.Build.0 = Release|Any CPU
		{71007FFB-ACCB-444A-BCF0-F439C98A6258}.Debug|Any CPU.ActiveCfg = Debug|Any CPU
		{71007FFB-ACCB-444A-BCF0-F439C98A6258}.Debug|Any CPU.Build.0 = Debug|Any CPU
		{71007FFB-ACCB-444A-BCF0-F439C98A6258}.Release|Any CPU.ActiveCfg = Release|Any CPU
		{71007FFB-ACCB-444A-BCF0-F439C98A6258}.Release|Any CPU.Build.0 = Release|Any CPU
		{35F7162D-0EF1-49B1-A539-BC308C228A2E}.Debug|Any CPU.ActiveCfg = Debug|Any CPU
		{35F7162D-0EF1-49B1-A539-BC308C228A2E}.Debug|Any CPU.Build.0 = Debug|Any CPU
		{35F7162D-0EF1-49B1-A539-BC308C228A2E}.Release|Any CPU.ActiveCfg = Release|Any CPU
		{35F7162D-0EF1-49B1-A539-BC308C228A2E}.Release|Any CPU.Build.0 = Release|Any CPU
		{EF77A663-D27E-47E0-B361-A595D4B0B98F}.Debug|Any CPU.ActiveCfg = Debug|Any CPU
		{EF77A663-D27E-47E0-B361-A595D4B0B98F}.Debug|Any CPU.Build.0 = Debug|Any CPU
		{EF77A663-D27E-47E0-B361-A595D4B0B98F}.Release|Any CPU.ActiveCfg = Release|Any CPU
		{EF77A663-D27E-47E0-B361-A595D4B0B98F}.Release|Any CPU.Build.0 = Release|Any CPU
	EndGlobalSection
	GlobalSection(SolutionProperties) = preSolution
		HideSolutionNode = FALSE
	EndGlobalSection
	GlobalSection(ExtensibilityGlobals) = postSolution
		SolutionGuid = {44C05B20-66BA-4DC9-A44E-67F88DEBD532}
	EndGlobalSection
EndGlobal
